
Microsoft Visual Studio Solution File, Format Version 12.00
# Visual Studio Version 17
VisualStudioVersion = 17.8.34511.84
MinimumVisualStudioVersion = 10.0.40219.1
Project("{FAE04EC0-301F-11D3-BF4B-00C04F79EFBC}") = "SqlApplication", "SqlApplication\SqlApplication.csproj", "{FEFDCC7A-3E02-43D7-8A87-76A93AA1BE74}"
EndProject
Global
	GlobalSection(SolutionConfigurationPlatforms) = preSolution
		Debug|Any CPU = Debug|Any CPU
		Release|Any CPU = Release|Any CPU
	EndGlobalSection
	GlobalSection(ProjectConfigurationPlatforms) = postSolution
		{FEFDCC7A-3E02-43D7-8A87-76A93AA1BE74}.Debug|Any CPU.ActiveCfg = Debug|Any CPU
		{FEFDCC7A-3E02-43D7-8A87-76A93AA1BE74}.Debug|Any CPU.Build.0 = Debug|Any CPU
		{FEFDCC7A-3E02-43D7-8A87-76A93AA1BE74}.Release|Any CPU.ActiveCfg = Release|Any CPU
		{FEFDCC7A-3E02-43D7-8A87-76A93AA1BE74}.Release|Any CPU.Build.0 = Release|Any CPU
	EndGlobalSection
	GlobalSection(SolutionProperties) = preSolution
		HideSolutionNode = FALSE
	EndGlobalSection
	GlobalSection(ExtensibilityGlobals) = postSolution
		SolutionGuid = {69E131C5-341A-40EB-8EAA-FD1899AC5F4C}
	EndGlobalSection
EndGlobal
